
Microsoft Visual Studio Solution File, Format Version 12.00
# Visual Studio Version 16
VisualStudioVersion = 16.0.31829.152
MinimumVisualStudioVersion = 10.0.40219.1
Project("{FAE04EC0-301F-11D3-BF4B-00C04F79EFBC}") = "TaskAppWeb", "TaskAppWeb\TaskAppWeb.csproj", "{961BEB16-59EA-4521-8732-429ED6A37E17}"
EndProject
Global
	GlobalSection(SolutionConfigurationPlatforms) = preSolution
		Debug|Any CPU = Debug|Any CPU
		Release|Any CPU = Release|Any CPU
	EndGlobalSection
	GlobalSection(ProjectConfigurationPlatforms) = postSolution
		{961BEB16-59EA-4521-8732-429ED6A37E17}.Debug|Any CPU.ActiveCfg = Debug|Any CPU
		{961BEB16-59EA-4521-8732-429ED6A37E17}.Debug|Any CPU.Build.0 = Debug|Any CPU
		{961BEB16-59EA-4521-8732-429ED6A37E17}.Release|Any CPU.ActiveCfg = Release|Any CPU
		{961BEB16-59EA-4521-8732-429ED6A37E17}.Release|Any CPU.Build.0 = Release|Any CPU
	EndGlobalSection
	GlobalSection(SolutionProperties) = preSolution
		HideSolutionNode = FALSE
	EndGlobalSection
	GlobalSection(ExtensibilityGlobals) = postSolution
		SolutionGuid = {2ADD4CEE-E803-4607-B15B-B03C78EB35B5}
	EndGlobalSection
EndGlobal
